
Microsoft Visual Studio Solution File, Format Version 12.00
# Visual Studio Version 17
VisualStudioVersion = 17.4.33213.308
MinimumVisualStudioVersion = 10.0.40219.1
Project("{9A19103F-16F7-4668-BE54-9A1E7A4F7556}") = "PatronEstrategia", "PatronEstrategia\PatronEstrategia.csproj", "{C198B458-55BB-4AB2-900F-8791C525D574}"
EndProject
Project("{9A19103F-16F7-4668-BE54-9A1E7A4F7556}") = "PatronDecorador", "PatronDecorador\PatronDecorador.csproj", "{35169AE1-81F0-40B8-87F3-F7DDD4C4640E}"
EndProject
Project("{9A19103F-16F7-4668-BE54-9A1E7A4F7556}") = "PatronProxy", "PatronProxy\PatronProxy.csproj", "{66EA0347-8A68-47DC-B350-97A8D84524BA}"
EndProject
Project("{FAE04EC0-301F-11D3-BF4B-00C04F79EFBC}") = "PatronBridge", "PatronBridge\PatronBridge.csproj", "{7D994CA9-5608-4DB3-A01B-575F88951728}"
EndProject
Global
	GlobalSection(SolutionConfigurationPlatforms) = preSolution
		Debug|Any CPU = Debug|Any CPU
		Release|Any CPU = Release|Any CPU
	EndGlobalSection
	GlobalSection(ProjectConfigurationPlatforms) = postSolution
		{C198B458-55BB-4AB2-900F-8791C525D574}.Debug|Any CPU.ActiveCfg = Debug|Any CPU
		{C198B458-55BB-4AB2-900F-8791C525D574}.Debug|Any CPU.Build.0 = Debug|Any CPU
		{C198B458-55BB-4AB2-900F-8791C525D574}.Release|Any CPU.ActiveCfg = Release|Any CPU
		{C198B458-55BB-4AB2-900F-8791C525D574}.Release|Any CPU.Build.0 = Release|Any CPU
		{35169AE1-81F0-40B8-87F3-F7DDD4C4640E}.Debug|Any CPU.ActiveCfg = Debug|Any CPU
		{35169AE1-81F0-40B8-87F3-F7DDD4C4640E}.Debug|Any CPU.Build.0 = Debug|Any CPU
		{35169AE1-81F0-40B8-87F3-F7DDD4C4640E}.Release|Any CPU.ActiveCfg = Release|Any CPU
		{35169AE1-81F0-40B8-87F3-F7DDD4C4640E}.Release|Any CPU.Build.0 = Release|Any CPU
		{66EA0347-8A68-47DC-B350-97A8D84524BA}.Debug|Any CPU.ActiveCfg = Debug|Any CPU
		{66EA0347-8A68-47DC-B350-97A8D84524BA}.Debug|Any CPU.Build.0 = Debug|Any CPU
		{66EA0347-8A68-47DC-B350-97A8D84524BA}.Release|Any CPU.ActiveCfg = Release|Any CPU
		{66EA0347-8A68-47DC-B350-97A8D84524BA}.Release|Any CPU.Build.0 = Release|Any CPU
		{7D994CA9-5608-4DB3-A01B-575F88951728}.Debug|Any CPU.ActiveCfg = Debug|Any CPU
		{7D994CA9-5608-4DB3-A01B-575F88951728}.Debug|Any CPU.Build.0 = Debug|Any CPU
		{7D994CA9-5608-4DB3-A01B-575F88951728}.Release|Any CPU.ActiveCfg = Release|Any CPU
		{7D994CA9-5608-4DB3-A01B-575F88951728}.Release|Any CPU.Build.0 = Release|Any CPU
	EndGlobalSection
	GlobalSection(SolutionProperties) = preSolution
		HideSolutionNode = FALSE
	EndGlobalSection
	GlobalSection(ExtensibilityGlobals) = postSolution
		SolutionGuid = {7CEE68E0-926B-4AE8-99AE-79077D9CBD38}
	EndGlobalSection
EndGlobal
